{
  "nodes": {
    "nixpkgs": {
      "locked": {
        "lastModified": 1755881544,
        "narHash": "sha256-HH77WP3umG16Ut6zpW9dr41/onm+H9GRHKp24Rj4NKk=",
        "owner": "NixOS",
        "repo": "nixpkgs",
        "rev": "65d17ac84dcd04f53346969051621e3f0addd734",
        "type": "github"
      },
      "original": {
        "owner": "NixOS",
        "ref": "nixos-25.05-small",
        "repo": "nixpkgs",
        "type": "github"
      }
    },
    "root": {
      "inputs": {
        "nixpkgs": "nixpkgs"
      }
    }
  },
  "root": "root",
  "version": 7
}
